
Microsoft Visual Studio Solution File, Format Version 12.00
# Visual Studio Version 16
VisualStudioVersion = 16.0.31702.278
MinimumVisualStudioVersion = 10.0.40219.1
Project("{FAE04EC0-301F-11D3-BF4B-00C04F79EFBC}") = "lab1", "lab1\lab1.csproj", "{B1035D9B-8A7B-4C9A-96F9-B1B0EACA7C6B}"
EndProject
Project("{9A19103F-16F7-4668-BE54-9A1E7A4F7556}") = "lab2.PartOne", "lab2\lab2.PartOne.csproj", "{73EFFADD-B380-4A63-86F1-AAB8EC1566D4}"
EndProject
Project("{9A19103F-16F7-4668-BE54-9A1E7A4F7556}") = "Helpers", "Utils\Helpers.csproj", "{D7FCE542-330C-40AD-86BF-8092B5FCE056}"
EndProject
Project("{9A19103F-16F7-4668-BE54-9A1E7A4F7556}") = "lab2.Data.Core", "lab2.Core\lab2.Data.Core.csproj", "{0D3D1D4A-BCE0-4074-A07C-537CE3C819AF}"
EndProject
Project("{9A19103F-16F7-4668-BE54-9A1E7A4F7556}") = "lab2.Tests", "lab2.PartOne.Tests\lab2.Tests.csproj", "{A74795E5-27C4-4A98-976B-107303D3B0E5}"
EndProject
Project("{FAE04EC0-301F-11D3-BF4B-00C04F79EFBC}") = "lab2.PartTwo", "lab2.PartTwo\lab2.PartTwo.csproj", "{673F8BE1-099B-41EC-AB61-C127987BC50B}"
EndProject
Global
	GlobalSection(SolutionConfigurationPlatforms) = preSolution
		Debug|Any CPU = Debug|Any CPU
		Release|Any CPU = Release|Any CPU
	EndGlobalSection
	GlobalSection(ProjectConfigurationPlatforms) = postSolution
		{B1035D9B-8A7B-4C9A-96F9-B1B0EACA7C6B}.Debug|Any CPU.ActiveCfg = Debug|Any CPU
		{B1035D9B-8A7B-4C9A-96F9-B1B0EACA7C6B}.Debug|Any CPU.Build.0 = Debug|Any CPU
		{B1035D9B-8A7B-4C9A-96F9-B1B0EACA7C6B}.Release|Any CPU.ActiveCfg = Release|Any CPU
		{B1035D9B-8A7B-4C9A-96F9-B1B0EACA7C6B}.Release|Any CPU.Build.0 = Release|Any CPU
		{73EFFADD-B380-4A63-86F1-AAB8EC1566D4}.Debug|Any CPU.ActiveCfg = Debug|Any CPU
		{73EFFADD-B380-4A63-86F1-AAB8EC1566D4}.Debug|Any CPU.Build.0 = Debug|Any CPU
		{73EFFADD-B380-4A63-86F1-AAB8EC1566D4}.Release|Any CPU.ActiveCfg = Release|Any CPU
		{73EFFADD-B380-4A63-86F1-AAB8EC1566D4}.Release|Any CPU.Build.0 = Release|Any CPU
		{D7FCE542-330C-40AD-86BF-8092B5FCE056}.Debug|Any CPU.ActiveCfg = Debug|Any CPU
		{D7FCE542-330C-40AD-86BF-8092B5FCE056}.Debug|Any CPU.Build.0 = Debug|Any CPU
		{D7FCE542-330C-40AD-86BF-8092B5FCE056}.Release|Any CPU.ActiveCfg = Release|Any CPU
		{D7FCE542-330C-40AD-86BF-8092B5FCE056}.Release|Any CPU.Build.0 = Release|Any CPU
		{0D3D1D4A-BCE0-4074-A07C-537CE3C819AF}.Debug|Any CPU.ActiveCfg = Debug|Any CPU
		{0D3D1D4A-BCE0-4074-A07C-537CE3C819AF}.Debug|Any CPU.Build.0 = Debug|Any CPU
		{0D3D1D4A-BCE0-4074-A07C-537CE3C819AF}.Release|Any CPU.ActiveCfg = Release|Any CPU
		{0D3D1D4A-BCE0-4074-A07C-537CE3C819AF}.Release|Any CPU.Build.0 = Release|Any CPU
		{A74795E5-27C4-4A98-976B-107303D3B0E5}.Debug|Any CPU.ActiveCfg = Debug|Any CPU
		{A74795E5-27C4-4A98-976B-107303D3B0E5}.Debug|Any CPU.Build.0 = Debug|Any CPU
		{A74795E5-27C4-4A98-976B-107303D3B0E5}.Release|Any CPU.ActiveCfg = Release|Any CPU
		{A74795E5-27C4-4A98-976B-107303D3B0E5}.Release|Any CPU.Build.0 = Release|Any CPU
		{673F8BE1-099B-41EC-AB61-C127987BC50B}.Debug|Any CPU.ActiveCfg = Debug|Any CPU
		{673F8BE1-099B-41EC-AB61-C127987BC50B}.Debug|Any CPU.Build.0 = Debug|Any CPU
		{673F8BE1-099B-41EC-AB61-C127987BC50B}.Release|Any CPU.ActiveCfg = Release|Any CPU
		{673F8BE1-099B-41EC-AB61-C127987BC50B}.Release|Any CPU.Build.0 = Release|Any CPU
	EndGlobalSection
	GlobalSection(SolutionProperties) = preSolution
		HideSolutionNode = FALSE
	EndGlobalSection
	GlobalSection(ExtensibilityGlobals) = postSolution
		SolutionGuid = {CA4B0B9D-D6EA-4E9A-9DD2-81E06C132690}
	EndGlobalSection
EndGlobal
